
Microsoft Visual Studio Solution File, Format Version 12.00
# Visual Studio Version 17
VisualStudioVersion = 17.0.32126.317
MinimumVisualStudioVersion = 10.0.40219.1
Project("{FAE04EC0-301F-11D3-BF4B-00C04F79EFBC}") = "LectorDiarios", "LectorDiarios\LectorDiarios.csproj", "{05F8DBF1-39B3-4C09-98F0-1A4F153A4E42}"
EndProject
Project("{FAE04EC0-301F-11D3-BF4B-00C04F79EFBC}") = "Entidades", "Entidades\Entidades.csproj", "{905498CD-E455-4EBE-ABBF-03FD0F87906A}"
EndProject
Global
	GlobalSection(SolutionConfigurationPlatforms) = preSolution
		Debug|Any CPU = Debug|Any CPU
		Release|Any CPU = Release|Any CPU
	EndGlobalSection
	GlobalSection(ProjectConfigurationPlatforms) = postSolution
		{05F8DBF1-39B3-4C09-98F0-1A4F153A4E42}.Debug|Any CPU.ActiveCfg = Debug|Any CPU
		{05F8DBF1-39B3-4C09-98F0-1A4F153A4E42}.Debug|Any CPU.Build.0 = Debug|Any CPU
		{05F8DBF1-39B3-4C09-98F0-1A4F153A4E42}.Release|Any CPU.ActiveCfg = Release|Any CPU
		{05F8DBF1-39B3-4C09-98F0-1A4F153A4E42}.Release|Any CPU.Build.0 = Release|Any CPU
		{905498CD-E455-4EBE-ABBF-03FD0F87906A}.Debug|Any CPU.ActiveCfg = Debug|Any CPU
		{905498CD-E455-4EBE-ABBF-03FD0F87906A}.Debug|Any CPU.Build.0 = Debug|Any CPU
		{905498CD-E455-4EBE-ABBF-03FD0F87906A}.Release|Any CPU.ActiveCfg = Release|Any CPU
		{905498CD-E455-4EBE-ABBF-03FD0F87906A}.Release|Any CPU.Build.0 = Release|Any CPU
	EndGlobalSection
	GlobalSection(SolutionProperties) = preSolution
		HideSolutionNode = FALSE
	EndGlobalSection
	GlobalSection(ExtensibilityGlobals) = postSolution
		SolutionGuid = {490003C7-9CC3-49B4-B426-9508FC73A1A2}
	EndGlobalSection
EndGlobal
